// !$*UTF8*$!
{
	archiveVersion = 1;
	classes = {
	};
	objectVersion = 56;
	objects = {

/* Begin PBXBuildFile section */
		A4427EBC2993BC6C0023D3C9 /* AppDelegate.swift in Sources */ = {isa = PBXBuildFile; fileRef = A4427EBB2993BC6C0023D3C9 /* AppDelegate.swift */; };
		A4427EC02993BD120023D3C9 /* PopoverView.swift in Sources */ = {isa = PBXBuildFile; fileRef = A4427EBF2993BD120023D3C9 /* PopoverView.swift */; };
		A4427EC22993BE110023D3C9 /* StatusBarController.swift in Sources */ = {isa = PBXBuildFile; fileRef = A4427EC12993BE110023D3C9 /* StatusBarController.swift */; };
		A4427EC42993DDB60023D3C9 /* DomatesTimer.swift in Sources */ = {isa = PBXBuildFile; fileRef = A4427EC32993DDB60023D3C9 /* DomatesTimer.swift */; };
		A4F95C7E29832E1100717E9E /* domatesApp.swift in Sources */ = {isa = PBXBuildFile; fileRef = A4F95C7D29832E1100717E9E /* domatesApp.swift */; };
		A4F95C8029832E1100717E9E /* ContentView.swift in Sources */ = {isa = PBXBuildFile; fileRef = A4F95C7F29832E1100717E9E /* ContentView.swift */; };
		A4F95C8229832E1400717E9E /* Assets.xcassets in Resources */ = {isa = PBXBuildFile; fileRef = A4F95C8129832E1400717E9E /* Assets.xcassets */; };
		A4F95C8529832E1400717E9E /* Preview Assets.xcassets in Resources */ = {isa = PBXBuildFile; fileRef = A4F95C8429832E1400717E9E /* Preview Assets.xcassets */; };
/* End PBXBuildFile section */

/* Begin PBXFileReference section */
		A4427EBB2993BC6C0023D3C9 /* AppDelegate.swift */ = {isa = PBXFileReference; lastKnownFileType = sourcecode.swift; path = AppDelegate.swift; sourceTree = "<group>"; };
		A4427EBF2993BD120023D3C9 /* PopoverView.swift */ = {isa = PBXFileReference; lastKnownFileType = sourcecode.swift; path = PopoverView.swift; sourceTree = "<group>"; };
		A4427EC12993BE110023D3C9 /* StatusBarController.swift */ = {isa = PBXFileReference; lastKnownFileType = sourcecode.swift; path = StatusBarController.swift; sourceTree = "<group>"; };
		A4427EC32993DDB60023D3C9 /* DomatesTimer.swift */ = {isa = PBXFileReference; lastKnownFileType = sourcecode.swift; path = DomatesTimer.swift; sourceTree = "<group>"; };
		A4F95C7A29832E1100717E9E /* domates.app */ = {isa = PBXFileReference; explicitFileType = wrapper.application; includeInIndex = 0; path = domates.app; sourceTree = BUILT_PRODUCTS_DIR; };
		A4F95C7D29832E1100717E9E /* domatesApp.swift */ = {isa = PBXFileReference; lastKnownFileType = sourcecode.swift; path = domatesApp.swift; sourceTree = "<group>"; };
		A4F95C7F29832E1100717E9E /* ContentView.swift */ = {isa = PBXFileReference; lastKnownFileType = sourcecode.swift; path = ContentView.swift; sourceTree = "<group>"; };
		A4F95C8129832E1400717E9E /* Assets.xcassets */ = {isa = PBXFileReference; lastKnownFileType = folder.assetcatalog; path = Assets.xcassets; sourceTree = "<group>"; };
		A4F95C8429832E1400717E9E /* Preview Assets.xcassets */ = {isa = PBXFileReference; lastKnownFileType = folder.assetcatalog; path = "Preview Assets.xcassets"; sourceTree = "<group>"; };
		A4F95C8629832E1400717E9E /* domates.entitlements */ = {isa = PBXFileReference; lastKnownFileType = text.plist.entitlements; path = domates.entitlements; sourceTree = "<group>"; };
/* End PBXFileReference section */

/* Begin PBXFrameworksBuildPhase section */
		A4F95C7729832E1100717E9E /* Frameworks */ = {
			isa = PBXFrameworksBuildPhase;
			buildActionMask = 2147483647;
			files = (
			);
			runOnlyForDeploymentPostprocessing = 0;
		};
/* End PBXFrameworksBuildPhase section */

/* Begin PBXGroup section */
		A4427EBA2993BC5A0023D3C9 /* Menubar */ = {
			isa = PBXGroup;
			children = (
				A4427EBB2993BC6C0023D3C9 /* AppDelegate.swift */,
				A4427EC12993BE110023D3C9 /* StatusBarController.swift */,
			);
			path = Menubar;
			sourceTree = "<group>";
		};
		A4F95C7129832E1100717E9E = {
			isa = PBXGroup;
			children = (
				A4F95C7C29832E1100717E9E /* domates */,
				A4F95C7B29832E1100717E9E /* Products */,
			);
			sourceTree = "<group>";
			wrapsLines = 0;
		};
		A4F95C7B29832E1100717E9E /* Products */ = {
			isa = PBXGroup;
			children = (
				A4F95C7A29832E1100717E9E /* domates.app */,
			);
			name = Products;
			sourceTree = "<group>";
		};
		A4F95C7C29832E1100717E9E /* domates */ = {
			isa = PBXGroup;
			children = (
				A4427EBA2993BC5A0023D3C9 /* Menubar */,
				A4F95C7D29832E1100717E9E /* domatesApp.swift */,
				A4F95C7F29832E1100717E9E /* ContentView.swift */,
				A4427EBF2993BD120023D3C9 /* PopoverView.swift */,
				A4427EC32993DDB60023D3C9 /* DomatesTimer.swift */,
				A4F95C8129832E1400717E9E /* Assets.xcassets */,
				A4F95C8629832E1400717E9E /* domates.entitlements */,
				A4F95C8329832E1400717E9E /* Preview Content */,
			);
			path = domates;
			sourceTree = "<group>";
		};
		A4F95C8329832E1400717E9E /* Preview Content */ = {
			isa = PBXGroup;
			children = (
				A4F95C8429832E1400717E9E /* Preview Assets.xcassets */,
			);
			path = "Preview Content";
			sourceTree = "<group>";
		};
/* End PBXGroup section */

/* Begin PBXNativeTarget section */
		A4F95C7929832E1100717E9E /* domates */ = {
			isa = PBXNativeTarget;
			buildConfigurationList = A4F95C8929832E1400717E9E /* Build configuration list for PBXNativeTarget "domates" */;
			buildPhases = (
				A4F95C7629832E1100717E9E /* Sources */,
				A4F95C7729832E1100717E9E /* Frameworks */,
				A4F95C7829832E1100717E9E /* Resources */,
			);
			buildRules = (
			);
			dependencies = (
			);
			name = domates;
			productName = domates;
			productReference = A4F95C7A29832E1100717E9E /* domates.app */;
			productType = "com.apple.product-type.application";
		};
/* End PBXNativeTarget section */

/* Begin PBXProject section */
		A4F95C7229832E1100717E9E /* Project object */ = {
			isa = PBXProject;
			attributes = {
				BuildIndependentTargetsInParallel = 1;
				LastSwiftUpdateCheck = 1400;
				LastUpgradeCheck = 1420;
				TargetAttributes = {
					A4F95C7929832E1100717E9E = {
						CreatedOnToolsVersion = 14.0.1;
					};
				};
			};
			buildConfigurationList = A4F95C7529832E1100717E9E /* Build configuration list for PBXProject "domates" */;
			compatibilityVersion = "Xcode 14.0";
			developmentRegion = en;
			hasScannedForEncodings = 0;
			knownRegions = (
				en,
				Base,
			);
			mainGroup = A4F95C7129832E1100717E9E;
			productRefGroup = A4F95C7B29832E1100717E9E /* Products */;
			projectDirPath = "";
			projectRoot = "";
			targets = (
				A4F95C7929832E1100717E9E /* domates */,
			);
		};
/* End PBXProject section */

/* Begin PBXResourcesBuildPhase section */
		A4F95C7829832E1100717E9E /* Resources */ = {
			isa = PBXResourcesBuildPhase;
			buildActionMask = 2147483647;
			files = (
				A4F95C8529832E1400717E9E /* Preview Assets.xcassets in Resources */,
				A4F95C8229832E1400717E9E /* Assets.xcassets in Resources */,
			);
			runOnlyForDeploymentPostprocessing = 0;
		};
/* End PBXResourcesBuildPhase section */

/* Begin PBXSourcesBuildPhase section */
		A4F95C7629832E1100717E9E /* Sources */ = {
			isa = PBXSourcesBuildPhase;
			buildActionMask = 2147483647;
			files = (
				A4427EBC2993BC6C0023D3C9 /* AppDelegate.swift in Sources */,
				A4F95C8029832E1100717E9E /* ContentView.swift in Sources */,
				A4427EC02993BD120023D3C9 /* PopoverView.swift in Sources */,
				A4427EC42993DDB60023D3C9 /* DomatesTimer.swift in Sources */,
				A4427EC22993BE110023D3C9 /* StatusBarController.swift in Sources */,
				A4F95C7E29832E1100717E9E /* domatesApp.swift in Sources */,
			);
			runOnlyForDeploymentPostprocessing = 0;
		};
/* End PBXSourcesBuildPhase section */

/* Begin XCBuildConfiguration section */
		A4F95C8729832E1400717E9E /* Debug */ = {
			isa = XCBuildConfiguration;
			buildSettings = {
				ALWAYS_SEARCH_USER_PATHS = NO;
				CLANG_ANALYZER_NONNULL = YES;
				CLANG_ANALYZER_NUMBER_OBJECT_CONVERSION = YES_AGGRESSIVE;
				CLANG_CXX_LANGUAGE_STANDARD = "gnu++20";
				CLANG_ENABLE_MODULES = YES;
				CLANG_ENABLE_OBJC_ARC = YES;
				CLANG_ENABLE_OBJC_WEAK = YES;
				CLANG_WARN_BLOCK_CAPTURE_AUTORELEASING = YES;
				CLANG_WARN_BOOL_CONVERSION = YES;
				CLANG_WARN_COMMA = YES;
				CLANG_WARN_CONSTANT_CONVERSION = YES;
				CLANG_WARN_DEPRECATED_OBJC_IMPLEMENTATIONS = YES;
				CLANG_WARN_DIRECT_OBJC_ISA_USAGE = YES_ERROR;
				CLANG_WARN_DOCUMENTATION_COMMENTS = YES;
				CLANG_WARN_EMPTY_BODY = YES;
				CLANG_WARN_ENUM_CONVERSION = YES;
				CLANG_WARN_INFINITE_RECURSION = YES;
				CLANG_WARN_INT_CONVERSION = YES;
				CLANG_WARN_NON_LITERAL_NULL_CONVERSION = YES;
				CLANG_WARN_OBJC_IMPLICIT_RETAIN_SELF = YES;
				CLANG_WARN_OBJC_LITERAL_CONVERSION = YES;
				CLANG_WARN_OBJC_ROOT_CLASS = YES_ERROR;
				CLANG_WARN_QUOTED_INCLUDE_IN_FRAMEWORK_HEADER = YES;
				CLANG_WARN_RANGE_LOOP_ANALYSIS = YES;
				CLANG_WARN_STRICT_PROTOTYPES = YES;
				CLANG_WARN_SUSPICIOUS_MOVE = YES;
				CLANG_WARN_UNGUARDED_AVAILABILITY = YES_AGGRESSIVE;
				CLANG_WARN_UNREACHABLE_CODE = YES;
				CLANG_WARN__DUPLICATE_METHOD_MATCH = YES;
				COPY_PHASE_STRIP = NO;
				DEAD_CODE_STRIPPING = YES;
				DEBUG_INFORMATION_FORMAT = dwarf;
				ENABLE_STRICT_OBJC_MSGSEND = YES;
				ENABLE_TESTABILITY = YES;
				GCC_C_LANGUAGE_STANDARD = gnu11;
				GCC_DYNAMIC_NO_PIC = NO;
				GCC_NO_COMMON_BLOCKS = YES;
				GCC_OPTIMIZATION_LEVEL = 0;
				GCC_PREPROCESSOR_DEFINITIONS = (
					"DEBUG=1",
					"$(inherited)",
				);
				GCC_WARN_64_TO_32_BIT_CONVERSION = YES;
				GCC_WARN_ABOUT_RETURN_TYPE = YES_ERROR;
				GCC_WARN_UNDECLARED_SELECTOR = YES;
				GCC_WARN_UNINITIALIZED_AUTOS = YES_AGGRESSIVE;
				GCC_WARN_UNUSED_FUNCTION = YES;
				GCC_WARN_UNUSED_VARIABLE = YES;
				MACOSX_DEPLOYMENT_TARGET = 12.3;
				MTL_ENABLE_DEBUG_INFO = INCLUDE_SOURCE;
				MTL_FAST_MATH = YES;
				ONLY_ACTIVE_ARCH = YES;
				SDKROOT = macosx;
				SWIFT_ACTIVE_COMPILATION_CONDITIONS = DEBUG;
				SWIFT_OPTIMIZATION_LEVEL = "-Onone";
			};
			name = Debug;
		};
		A4F95C8829832E1400717E9E /* Release */ = {
			isa = XCBuildConfiguration;
			buildSettings = {
				ALWAYS_SEARCH_USER_PATHS = NO;
				CLANG_ANALYZER_NONNULL = YES;
				CLANG_ANALYZER_NUMBER_OBJECT_CONVERSION = YES_AGGRESSIVE;
				CLANG_CXX_LANGUAGE_STANDARD = "gnu++20";
				CLANG_ENABLE_MODULES = YES;
				CLANG_ENABLE_OBJC_ARC = YES;
				CLANG_ENABLE_OBJC_WEAK = YES;
				CLANG_WARN_BLOCK_CAPTURE_AUTORELEASING = YES;
				CLANG_WARN_BOOL_CONVERSION = YES;
				CLANG_WARN_COMMA = YES;
				CLANG_WARN_CONSTANT_CONVERSION = YES;
				CLANG_WARN_DEPRECATED_OBJC_IMPLEMENTATIONS = YES;
				CLANG_WARN_DIRECT_OBJC_ISA_USAGE = YES_ERROR;
				CLANG_WARN_DOCUMENTATION_COMMENTS = YES;
				CLANG_WARN_EMPTY_BODY = YES;
				CLANG_WARN_ENUM_CONVERSION = YES;
				CLANG_WARN_INFINITE_RECURSION = YES;
				CLANG_WARN_INT_CONVERSION = YES;
				CLANG_WARN_NON_LITERAL_NULL_CONVERSION = YES;
				CLANG_WARN_OBJC_IMPLICIT_RETAIN_SELF = YES;
				CLANG_WARN_OBJC_LITERAL_CONVERSION = YES;
				CLANG_WARN_OBJC_ROOT_CLASS = YES_ERROR;
				CLANG_WARN_QUOTED_INCLUDE_IN_FRAMEWORK_HEADER = YES;
				CLANG_WARN_RANGE_LOOP_ANALYSIS = YES;
				CLANG_WARN_STRICT_PROTOTYPES = YES;
				CLANG_WARN_SUSPICIOUS_MOVE = YES;
				CLANG_WARN_UNGUARDED_AVAILABILITY = YES_AGGRESSIVE;
				CLANG_WARN_UNREACHABLE_CODE = YES;
				CLANG_WARN__DUPLICATE_METHOD_MATCH = YES;
				COPY_PHASE_STRIP = NO;
				DEAD_CODE_STRIPPING = YES;
				DEBUG_INFORMATION_FORMAT = "dwarf-with-dsym";
				ENABLE_NS_ASSERTIONS = NO;
				ENABLE_STRICT_OBJC_MSGSEND = YES;
				GCC_C_LANGUAGE_STANDARD = gnu11;
				GCC_NO_COMMON_BLOCKS = YES;
				GCC_WARN_64_TO_32_BIT_CONVERSION = YES;
				GCC_WARN_ABOUT_RETURN_TYPE = YES_ERROR;
				GCC_WARN_UNDECLARED_SELECTOR = YES;
				GCC_WARN_UNINITIALIZED_AUTOS = YES_AGGRESSIVE;
				GCC_WARN_UNUSED_FUNCTION = YES;
				GCC_WARN_UNUSED_VARIABLE = YES;
				MACOSX_DEPLOYMENT_TARGET = 12.3;
				MTL_ENABLE_DEBUG_INFO = NO;
				MTL_FAST_MATH = YES;
				SDKROOT = macosx;
				SWIFT_COMPILATION_MODE = wholemodule;
				SWIFT_OPTIMIZATION_LEVEL = "-O";
			};
			name = Release;
		};
		A4F95C8A29832E1400717E9E /* Debug */ = {
			isa = XCBuildConfiguration;
			buildSettings = {
				ASSETCATALOG_COMPILER_APPICON_NAME = AppIcon;
				ASSETCATALOG_COMPILER_GLOBAL_ACCENT_COLOR_NAME = AccentColor;
				CODE_SIGN_ENTITLEMENTS = domates/domates.entitlements;
				CODE_SIGN_IDENTITY = "-";
				CODE_SIGN_STYLE = Automatic;
				COMBINE_HIDPI_IMAGES = YES;
				CURRENT_PROJECT_VERSION = 1;
				DEAD_CODE_STRIPPING = YES;
				DEVELOPMENT_ASSET_PATHS = "\"domates/Preview Content\"";
				ENABLE_PREVIEWS = YES;
				GENERATE_INFOPLIST_FILE = YES;
				INFOPLIST_KEY_CFBundleDisplayName = Domates;
				INFOPLIST_KEY_LSUIElement = YES;
				INFOPLIST_KEY_NSHumanReadableCopyright = "";
				LD_RUNPATH_SEARCH_PATHS = (
					"$(inherited)",
					"@executable_path/../Frameworks",
				);
				MARKETING_VERSION = 1.0;
				PRODUCT_BUNDLE_IDENTIFIER = Smileee.domates;
				PRODUCT_NAME = "$(TARGET_NAME)";
				SWIFT_EMIT_LOC_STRINGS = YES;
				SWIFT_VERSION = 5.0;
			};
			name = Debug;
		};
		A4F95C8B29832E1400717E9E /* Release */ = {
			isa = XCBuildConfiguration;
			buildSettings = {
				ASSETCATALOG_COMPILER_APPICON_NAME = AppIcon;
				ASSETCATALOG_COMPILER_GLOBAL_ACCENT_COLOR_NAME = AccentColor;
				CODE_SIGN_ENTITLEMENTS = domates/domates.entitlements;
				CODE_SIGN_IDENTITY = "-";
				CODE_SIGN_STYLE = Automatic;
				COMBINE_HIDPI_IMAGES = YES;
				CURRENT_PROJECT_VERSION = 1;
				DEAD_CODE_STRIPPING = YES;
				DEVELOPMENT_ASSET_PATHS = "\"domates/Preview Content\"";
				ENABLE_PREVIEWS = YES;
				GENERATE_INFOPLIST_FILE = YES;
				INFOPLIST_KEY_CFBundleDisplayName = Domates;
				INFOPLIST_KEY_LSUIElement = YES;
				INFOPLIST_KEY_NSHumanReadableCopyright = "";
				LD_RUNPATH_SEARCH_PATHS = (
					"$(inherited)",
					"@executable_path/../Frameworks",
				);
				MARKETING_VERSION = 1.0;
				PRODUCT_BUNDLE_IDENTIFIER = Smileee.domates;
				PRODUCT_NAME = "$(TARGET_NAME)";
				SWIFT_EMIT_LOC_STRINGS = YES;
				SWIFT_VERSION = 5.0;
			};
			name = Release;
		};
/* End XCBuildConfiguration section */

/* Begin XCConfigurationList section */
		A4F95C7529832E1100717E9E /* Build configuration list for PBXProject "domates" */ = {
			isa = XCConfigurationList;
			buildConfigurations = (
				A4F95C8729832E1400717E9E /* Debug */,
				A4F95C8829832E1400717E9E /* Release */,
			);
			defaultConfigurationIsVisible = 0;
			defaultConfigurationName = Release;
		};
		A4F95C8929832E1400717E9E /* Build configuration list for PBXNativeTarget "domates" */ = {
			isa = XCConfigurationList;
			buildConfigurations = (
				A4F95C8A29832E1400717E9E /* Debug */,
				A4F95C8B29832E1400717E9E /* Release */,
			);
			defaultConfigurationIsVisible = 0;
			defaultConfigurationName = Release;
		};
/* End XCConfigurationList section */
	};
	rootObject = A4F95C7229832E1100717E9E /* Project object */;
}
